
Microsoft Visual Studio Solution File, Format Version 12.00
# Visual Studio Version 17
VisualStudioVersion = 17.7.34031.279
MinimumVisualStudioVersion = 10.0.40219.1
Project("{FAE04EC0-301F-11D3-BF4B-00C04F79EFBC}") = "TopCoder", "TopCoder\TopCoder.csproj", "{80BB8DF0-9FA4-4545-B215-DD0038F9510F}"
EndProject
Global
	GlobalSection(SolutionConfigurationPlatforms) = preSolution
		Debug|Any CPU = Debug|Any CPU
		Release|Any CPU = Release|Any CPU
	EndGlobalSection
	GlobalSection(ProjectConfigurationPlatforms) = postSolution
		{80BB8DF0-9FA4-4545-B215-DD0038F9510F}.Debug|Any CPU.ActiveCfg = Debug|Any CPU
		{80BB8DF0-9FA4-4545-B215-DD0038F9510F}.Debug|Any CPU.Build.0 = Debug|Any CPU
		{80BB8DF0-9FA4-4545-B215-DD0038F9510F}.Release|Any CPU.ActiveCfg = Release|Any CPU
		{80BB8DF0-9FA4-4545-B215-DD0038F9510F}.Release|Any CPU.Build.0 = Release|Any CPU
	EndGlobalSection
	GlobalSection(SolutionProperties) = preSolution
		HideSolutionNode = FALSE
	EndGlobalSection
	GlobalSection(ExtensibilityGlobals) = postSolution
		SolutionGuid = {8F7F7105-7946-4E71-B321-010E2997AE71}
	EndGlobalSection
EndGlobal
